PODS:
  - DynamicColor (3.2.1)
  - FloatingActionButton (1.0.1):
    - DynamicColor (= 3.2.1)
  - SnapKit (3.0.2)

DEPENDENCIES:
  - DynamicColor (= 3.2.1)
  - FloatingActionButton (from `../`)
  - SnapKit (= 3.0.2)

EXTERNAL SOURCES:
  FloatingActionButton:
    :path: ../

SPEC CHECKSUMS:
  DynamicColor: 4786d650c69da6c3f2cbfe068348288ec4e5521f
  FloatingActionButton: dc3a3c45a0308adb50179290db6d6cda518cf64f
  SnapKit: 2e456761aa92d4d4067a7a5594c18769d451a8ad

PODFILE CHECKSUM: 6b2ac488f79c4ec5fde1788014c34a02f1cba0fa

COCOAPODS: 1.1.1
