PODS:
  - FloatingActionButton (0.2.0)
  - SnapKit (0.20.0)

DEPENDENCIES:
  - FloatingActionButton (from `../`)
  - SnapKit

EXTERNAL SOURCES:
  FloatingActionButton:
    :path: ../

SPEC CHECKSUMS:
  FloatingActionButton: 30d6939cd89340050de0dce0684fc98087551b89
  SnapKit: 5fce3c1bbbf1fbd31de9aa92f33eb9fa03f15650

COCOAPODS: 0.39.0
